
Microsoft Visual Studio Solution File, Format Version 12.00
# Visual Studio Version 16
VisualStudioVersion = 25.0.1706.9
MinimumVisualStudioVersion = 10.0.40219.1
Project("{FAE04EC0-301F-11D3-BF4B-00C04F79EFBC}") = "DummySurfer", "DummySurfer\DummySurfer.csproj", "{BA83C598-29FA-4280-B7BE-1DD269E384EA}"
EndProject
Global
	GlobalSection(SolutionConfigurationPlatforms) = preSolution
		Debug|Any CPU = Debug|Any CPU
		Release|Any CPU = Release|Any CPU
	EndGlobalSection
	GlobalSection(ProjectConfigurationPlatforms) = postSolution
		{BA83C598-29FA-4280-B7BE-1DD269E384EA}.Debug|Any CPU.ActiveCfg = Debug|Any CPU
		{BA83C598-29FA-4280-B7BE-1DD269E384EA}.Debug|Any CPU.Build.0 = Debug|Any CPU
		{BA83C598-29FA-4280-B7BE-1DD269E384EA}.Release|Any CPU.ActiveCfg = Release|Any CPU
		{BA83C598-29FA-4280-B7BE-1DD269E384EA}.Release|Any CPU.Build.0 = Release|Any CPU
	EndGlobalSection
	GlobalSection(SolutionProperties) = preSolution
		HideSolutionNode = FALSE
	EndGlobalSection
	GlobalSection(ExtensibilityGlobals) = postSolution
		SolutionGuid = {15D65CBC-6648-4C01-99A8-299ABF695739}
	EndGlobalSection
EndGlobal
